Microsoft Visual Studio Solution File, Format Version 12.00
# Visual Studio Version 17
VisualStudioVersion = 17.2.32526.322
MinimumVisualStudioVersion = 10.0.40219.1
Project("{9A19103F-16F7-4668-BE54-9A1E7A4F7556}") = "Qualification.Api", "Qualification.Api\Qualification.Api.csproj", "{DB485469-A5B4-476F-9830-EC4403A4D3C2}"
EndProject
Project("{9A19103F-16F7-4668-BE54-9A1E7A4F7556}") = "Qualification.Data", "Qualification.Data\Qualification.Data.csproj", "{425EF2A5-7E3B-4523-AFE8-43410B3A27D3}"
EndProject
Project("{9A19103F-16F7-4668-BE54-9A1E7A4F7556}") = "Qualification.Service", "Qualification.Service\Qualification.Service.csproj", "{BA9931D1-D3A6-42AA-8FA1-C3DA8BD61D90}"
EndProject
Project("{9A19103F-16F7-4668-BE54-9A1E7A4F7556}") = "Qualification.Domain", "Qualification.Domain\Qualification.Domain.csproj", "{E0B94DBA-9109-4170-95A7-B5548B4FD5C5}"
EndProject
Global
	GlobalSection(SolutionConfigurationPlatforms) = preSolution
		Debug|Any CPU = Debug|Any CPU
		Release|Any CPU = Release|Any CPU
	EndGlobalSection
	GlobalSection(ProjectConfigurationPlatforms) = postSolution
		{DB485469-A5B4-476F-9830-EC4403A4D3C2}.Debug|Any CPU.ActiveCfg = Debug|Any CPU
		{DB485469-A5B4-476F-9830-EC4403A4D3C2}.Debug|Any CPU.Build.0 = Debug|Any CPU
		{DB485469-A5B4-476F-9830-EC4403A4D3C2}.Release|Any CPU.ActiveCfg = Release|Any CPU
		{DB485469-A5B4-476F-9830-EC4403A4D3C2}.Release|Any CPU.Build.0 = Release|Any CPU
		{425EF2A5-7E3B-4523-AFE8-43410B3A27D3}.Debug|Any CPU.ActiveCfg = Debug|Any CPU
		{425EF2A5-7E3B-4523-AFE8-43410B3A27D3}.Debug|Any CPU.Build.0 = Debug|Any CPU
		{425EF2A5-7E3B-4523-AFE8-43410B3A27D3}.Release|Any CPU.ActiveCfg = Release|Any CPU
		{425EF2A5-7E3B-4523-AFE8-43410B3A27D3}.Release|Any CPU.Build.0 = Release|Any CPU
		{BA9931D1-D3A6-42AA-8FA1-C3DA8BD61D90}.Debug|Any CPU.ActiveCfg = Debug|Any CPU
		{BA9931D1-D3A6-42AA-8FA1-C3DA8BD61D90}.Debug|Any CPU.Build.0 = Debug|Any CPU
		{BA9931D1-D3A6-42AA-8FA1-C3DA8BD61D90}.Release|Any CPU.ActiveCfg = Release|Any CPU
		{BA9931D1-D3A6-42AA-8FA1-C3DA8BD61D90}.Release|Any CPU.Build.0 = Release|Any CPU
		{E0B94DBA-9109-4170-95A7-B5548B4FD5C5}.Debug|Any CPU.ActiveCfg = Debug|Any CPU
		{E0B94DBA-9109-4170-95A7-B5548B4FD5C5}.Debug|Any CPU.Build.0 = Debug|Any CPU
		{E0B94DBA-9109-4170-95A7-B5548B4FD5C5}.Release|Any CPU.ActiveCfg = Release|Any CPU
		{E0B94DBA-9109-4170-95A7-B5548B4FD5C5}.Release|Any CPU.Build.0 = Release|Any CPU
	EndGlobalSection
	GlobalSection(SolutionProperties) = preSolution
		HideSolutionNode = FALSE
	EndGlobalSection
	GlobalSection(ExtensibilityGlobals) = postSolution
		SolutionGuid = {3B6914DE-F22C-4EAD-9EBE-F0C9E5F4F65C}
	EndGlobalSection
EndGlobal
